// !$*UTF8*$!
{
	archiveVersion = 1;
	classes = {
	};
	objectVersion = 55;
	objects = {

/* Begin PBXBuildFile section */
		CF9A9E152893D8D20045244B /* AppDelegate.swift in Sources */ = {isa = PBXBuildFile; fileRef = CF9A9E142893D8D20045244B /* AppDelegate.swift */; };
		CF9A9E172893D8D20045244B /* SceneDelegate.swift in Sources */ = {isa = PBXBuildFile; fileRef = CF9A9E162893D8D20045244B /* SceneDelegate.swift */; };
		CF9A9E192893D8D20045244B /* ViewController.swift in Sources */ = {isa = PBXBuildFile; fileRef = CF9A9E182893D8D20045244B /* ViewController.swift */; };
		CF9A9E1C2893D8D20045244B /* Main.storyboard in Resources */ = {isa = PBXBuildFile; fileRef = CF9A9E1A2893D8D20045244B /* Main.storyboard */; };
		CF9A9E1E2893D8D60045244B /* Assets.xcassets in Resources */ = {isa = PBXBuildFile; fileRef = CF9A9E1D2893D8D60045244B /* Assets.xcassets */; };
		CF9A9E212893D8D60045244B /* LaunchScreen.storyboard in Resources */ = {isa = PBXBuildFile; fileRef = CF9A9E1F2893D8D60045244B /* LaunchScreen.storyboard */; };
		CF9A9E2C2893D8D60045244B /* downloadPdfTests.swift in Sources */ = {isa = PBXBuildFile; fileRef = CF9A9E2B2893D8D60045244B /* downloadPdfTests.swift */; };
		CF9A9E362893D8D60045244B /* downloadPdfUITests.swift in Sources */ = {isa = PBXBuildFile; fileRef = CF9A9E352893D8D60045244B /* downloadPdfUITests.swift */; };
		CF9A9E382893D8D60045244B /* downloadPdfUITestsLaunchTests.swift in Sources */ = {isa = PBXBuildFile; fileRef = CF9A9E372893D8D60045244B /* downloadPdfUITestsLaunchTests.swift */; };
		CF9A9E452893DABA0045244B /* PDFViewController.swift in Sources */ = {isa = PBXBuildFile; fileRef = CF9A9E442893DABA0045244B /* PDFViewController.swift */; };
/* End PBXBuildFile section */

/* Begin PBXContainerItemProxy section */
		CF9A9E282893D8D60045244B /* PBXContainerItemProxy */ = {
			isa = PBXContainerItemProxy;
			containerPortal = CF9A9E092893D8D20045244B /* Project object */;
			proxyType = 1;
			remoteGlobalIDString = CF9A9E102893D8D20045244B;
			remoteInfo = downloadPdf;
		};
		CF9A9E322893D8D60045244B /* PBXContainerItemProxy */ = {
			isa = PBXContainerItemProxy;
			containerPortal = CF9A9E092893D8D20045244B /* Project object */;
			proxyType = 1;
			remoteGlobalIDString = CF9A9E102893D8D20045244B;
			remoteInfo = downloadPdf;
		};
/* End PBXContainerItemProxy section */

/* Begin PBXFileReference section */
		CF9A9E112893D8D20045244B /* downloadPdf.app */ = {isa = PBXFileReference; explicitFileType = wrapper.application; includeInIndex = 0; path = downloadPdf.app; sourceTree = BUILT_PRODUCTS_DIR; };
		CF9A9E142893D8D20045244B /* AppDelegate.swift */ = {isa = PBXFileReference; lastKnownFileType = sourcecode.swift; path = AppDelegate.swift; sourceTree = "<group>"; };
		CF9A9E162893D8D20045244B /* SceneDelegate.swift */ = {isa = PBXFileReference; lastKnownFileType = sourcecode.swift; path = SceneDelegate.swift; sourceTree = "<group>"; };
		CF9A9E182893D8D20045244B /* ViewController.swift */ = {isa = PBXFileReference; lastKnownFileType = sourcecode.swift; path = ViewController.swift; sourceTree = "<group>"; };
		CF9A9E1B2893D8D20045244B /* Base */ = {isa = PBXFileReference; lastKnownFileType = file.storyboard; name = Base; path = Base.lproj/Main.storyboard; sourceTree = "<group>"; };
		CF9A9E1D2893D8D60045244B /* Assets.xcassets */ = {isa = PBXFileReference; lastKnownFileType = folder.assetcatalog; path = Assets.xcassets; sourceTree = "<group>"; };
		CF9A9E202893D8D60045244B /* Base */ = {isa = PBXFileReference; lastKnownFileType = file.storyboard; name = Base; path = Base.lproj/LaunchScreen.storyboard; sourceTree = "<group>"; };
		CF9A9E222893D8D60045244B /* Info.plist */ = {isa = PBXFileReference; lastKnownFileType = text.plist.xml; path = Info.plist; sourceTree = "<group>"; };
		CF9A9E272893D8D60045244B /* downloadPdfTests.xctest */ = {isa = PBXFileReference; explicitFileType = wrapper.cfbundle; includeInIndex = 0; path = downloadPdfTests.xctest; sourceTree = BUILT_PRODUCTS_DIR; };
		CF9A9E2B2893D8D60045244B /* downloadPdfTests.swift */ = {isa = PBXFileReference; lastKnownFileType = sourcecode.swift; path = downloadPdfTests.swift; sourceTree = "<group>"; };
		CF9A9E312893D8D60045244B /* downloadPdfUITests.xctest */ = {isa = PBXFileReference; explicitFileType = wrapper.cfbundle; includeInIndex = 0; path = downloadPdfUITests.xctest; sourceTree = BUILT_PRODUCTS_DIR; };
		CF9A9E352893D8D60045244B /* downloadPdfUITests.swift */ = {isa = PBXFileReference; lastKnownFileType = sourcecode.swift; path = downloadPdfUITests.swift; sourceTree = "<group>"; };
		CF9A9E372893D8D60045244B /* downloadPdfUITestsLaunchTests.swift */ = {isa = PBXFileReference; lastKnownFileType = sourcecode.swift; path = downloadPdfUITestsLaunchTests.swift; sourceTree = "<group>"; };
		CF9A9E442893DABA0045244B /* PDFViewController.swift */ = {isa = PBXFileReference; lastKnownFileType = sourcecode.swift; path = PDFViewController.swift; sourceTree = "<group>"; };
/* End PBXFileReference section */

/* Begin PBXFrameworksBuildPhase section */
		CF9A9E0E2893D8D20045244B /* Frameworks */ = {
			isa = PBXFrameworksBuildPhase;
			buildActionMask = 2147483647;
			files = (
			);
			runOnlyForDeploymentPostprocessing = 0;
		};
		CF9A9E242893D8D60045244B /* Frameworks */ = {
			isa = PBXFrameworksBuildPhase;
			buildActionMask = 2147483647;
			files = (
			);
			runOnlyForDeploymentPostprocessing = 0;
		};
		CF9A9E2E2893D8D60045244B /* Frameworks */ = {
			isa = PBXFrameworksBuildPhase;
			buildActionMask = 2147483647;
			files = (
			);
			runOnlyForDeploymentPostprocessing = 0;
		};
/* End PBXFrameworksBuildPhase section */

/* Begin PBXGroup section */
		CF9A9E082893D8D20045244B = {
			isa = PBXGroup;
			children = (
				CF9A9E132893D8D20045244B /* downloadPdf */,
				CF9A9E2A2893D8D60045244B /* downloadPdfTests */,
				CF9A9E342893D8D60045244B /* downloadPdfUITests */,
				CF9A9E122893D8D20045244B /* Products */,
			);
			sourceTree = "<group>";
		};
		CF9A9E122893D8D20045244B /* Products */ = {
			isa = PBXGroup;
			children = (
				CF9A9E112893D8D20045244B /* downloadPdf.app */,
				CF9A9E272893D8D60045244B /* downloadPdfTests.xctest */,
				CF9A9E312893D8D60045244B /* downloadPdfUITests.xctest */,
			);
			name = Products;
			sourceTree = "<group>";
		};
		CF9A9E132893D8D20045244B /* downloadPdf */ = {
			isa = PBXGroup;
			children = (
				CF9A9E142893D8D20045244B /* AppDelegate.swift */,
				CF9A9E162893D8D20045244B /* SceneDelegate.swift */,
				CF9A9E182893D8D20045244B /* ViewController.swift */,
				CF9A9E1A2893D8D20045244B /* Main.storyboard */,
				CF9A9E1D2893D8D60045244B /* Assets.xcassets */,
				CF9A9E1F2893D8D60045244B /* LaunchScreen.storyboard */,
				CF9A9E222893D8D60045244B /* Info.plist */,
				CF9A9E442893DABA0045244B /* PDFViewController.swift */,
			);
			path = downloadPdf;
			sourceTree = "<group>";
		};
		CF9A9E2A2893D8D60045244B /* downloadPdfTests */ = {
			isa = PBXGroup;
			children = (
				CF9A9E2B2893D8D60045244B /* downloadPdfTests.swift */,
			);
			path = downloadPdfTests;
			sourceTree = "<group>";
		};
		CF9A9E342893D8D60045244B /* downloadPdfUITests */ = {
			isa = PBXGroup;
			children = (
				CF9A9E352893D8D60045244B /* downloadPdfUITests.swift */,
				CF9A9E372893D8D60045244B /* downloadPdfUITestsLaunchTests.swift */,
			);
			path = downloadPdfUITests;
			sourceTree = "<group>";
		};
/* End PBXGroup section */

/* Begin PBXNativeTarget section */
		CF9A9E102893D8D20045244B /* downloadPdf */ = {
			isa = PBXNativeTarget;
			buildConfigurationList = CF9A9E3B2893D8D60045244B /* Build configuration list for PBXNativeTarget "downloadPdf" */;
			buildPhases = (
				CF9A9E0D2893D8D20045244B /* Sources */,
				CF9A9E0E2893D8D20045244B /* Frameworks */,
				CF9A9E0F2893D8D20045244B /* Resources */,
			);
			buildRules = (
			);
			dependencies = (
			);
			name = downloadPdf;
			productName = downloadPdf;
			productReference = CF9A9E112893D8D20045244B /* downloadPdf.app */;
			productType = "com.apple.product-type.application";
		};
		CF9A9E262893D8D60045244B /* downloadPdfTests */ = {
			isa = PBXNativeTarget;
			buildConfigurationList = CF9A9E3E2893D8D60045244B /* Build configuration list for PBXNativeTarget "downloadPdfTests" */;
			buildPhases = (
				CF9A9E232893D8D60045244B /* Sources */,
				CF9A9E242893D8D60045244B /* Frameworks */,
				CF9A9E252893D8D60045244B /* Resources */,
			);
			buildRules = (
			);
			dependencies = (
				CF9A9E292893D8D60045244B /* PBXTargetDependency */,
			);
			name = downloadPdfTests;
			productName = downloadPdfTests;
			productReference = CF9A9E272893D8D60045244B /* downloadPdfTests.xctest */;
			productType = "com.apple.product-type.bundle.unit-test";
		};
		CF9A9E302893D8D60045244B /* downloadPdfUITests */ = {
			isa = PBXNativeTarget;
			buildConfigurationList = CF9A9E412893D8D60045244B /* Build configuration list for PBXNativeTarget "downloadPdfUITests" */;
			buildPhases = (
				CF9A9E2D2893D8D60045244B /* Sources */,
				CF9A9E2E2893D8D60045244B /* Frameworks */,
				CF9A9E2F2893D8D60045244B /* Resources */,
			);
			buildRules = (
			);
			dependencies = (
				CF9A9E332893D8D60045244B /* PBXTargetDependency */,
			);
			name = downloadPdfUITests;
			productName = downloadPdfUITests;
			productReference = CF9A9E312893D8D60045244B /* downloadPdfUITests.xctest */;
			productType = "com.apple.product-type.bundle.ui-testing";
		};
/* End PBXNativeTarget section */

/* Begin PBXProject section */
		CF9A9E092893D8D20045244B /* Project object */ = {
			isa = PBXProject;
			attributes = {
				BuildIndependentTargetsInParallel = 1;
				LastSwiftUpdateCheck = 1340;
				LastUpgradeCheck = 1340;
				TargetAttributes = {
					CF9A9E102893D8D20045244B = {
						CreatedOnToolsVersion = 13.4.1;
					};
					CF9A9E262893D8D60045244B = {
						CreatedOnToolsVersion = 13.4.1;
						TestTargetID = CF9A9E102893D8D20045244B;
					};
					CF9A9E302893D8D60045244B = {
						CreatedOnToolsVersion = 13.4.1;
						TestTargetID = CF9A9E102893D8D20045244B;
					};
				};
			};
			buildConfigurationList = CF9A9E0C2893D8D20045244B /* Build configuration list for PBXProject "downloadPdf" */;
			compatibilityVersion = "Xcode 13.0";
			developmentRegion = en;
			hasScannedForEncodings = 0;
			knownRegions = (
				en,
				Base,
			);
			mainGroup = CF9A9E082893D8D20045244B;
			productRefGroup = CF9A9E122893D8D20045244B /* Products */;
			projectDirPath = "";
			projectRoot = "";
			targets = (
				CF9A9E102893D8D20045244B /* downloadPdf */,
				CF9A9E262893D8D60045244B /* downloadPdfTests */,
				CF9A9E302893D8D60045244B /* downloadPdfUITests */,
			);
		};
/* End PBXProject section */

/* Begin PBXResourcesBuildPhase section */
		CF9A9E0F2893D8D20045244B /* Resources */ = {
			isa = PBXResourcesBuildPhase;
			buildActionMask = 2147483647;
			files = (
				CF9A9E212893D8D60045244B /* LaunchScreen.storyboard in Resources */,
				CF9A9E1E2893D8D60045244B /* Assets.xcassets in Resources */,
				CF9A9E1C2893D8D20045244B /* Main.storyboard in Resources */,
			);
			runOnlyForDeploymentPostprocessing = 0;
		};
		CF9A9E252893D8D60045244B /* Resources */ = {
			isa = PBXResourcesBuildPhase;
			buildActionMask = 2147483647;
			files = (
			);
			runOnlyForDeploymentPostprocessing = 0;
		};
		CF9A9E2F2893D8D60045244B /* Resources */ = {
			isa = PBXResourcesBuildPhase;
			buildActionMask = 2147483647;
			files = (
			);
			runOnlyForDeploymentPostprocessing = 0;
		};
/* End PBXResourcesBuildPhase section */

/* Begin PBXSourcesBuildPhase section */
		CF9A9E0D2893D8D20045244B /* Sources */ = {
			isa = PBXSourcesBuildPhase;
			buildActionMask = 2147483647;
			files = (
				CF9A9E192893D8D20045244B /* ViewController.swift in Sources */,
				CF9A9E152893D8D20045244B /* AppDelegate.swift in Sources */,
				CF9A9E172893D8D20045244B /* SceneDelegate.swift in Sources */,
				CF9A9E452893DABA0045244B /* PDFViewController.swift in Sources */,
			);
			runOnlyForDeploymentPostprocessing = 0;
		};
		CF9A9E232893D8D60045244B /* Sources */ = {
			isa = PBXSourcesBuildPhase;
			buildActionMask = 2147483647;
			files = (
				CF9A9E2C2893D8D60045244B /* downloadPdfTests.swift in Sources */,
			);
			runOnlyForDeploymentPostprocessing = 0;
		};
		CF9A9E2D2893D8D60045244B /* Sources */ = {
			isa = PBXSourcesBuildPhase;
			buildActionMask = 2147483647;
			files = (
				CF9A9E362893D8D60045244B /* downloadPdfUITests.swift in Sources */,
				CF9A9E382893D8D60045244B /* downloadPdfUITestsLaunchTests.swift in Sources */,
			);
			runOnlyForDeploymentPostprocessing = 0;
		};
/* End PBXSourcesBuildPhase section */

/* Begin PBXTargetDependency section */
		CF9A9E292893D8D60045244B /* PBXTargetDependency */ = {
			isa = PBXTargetDependency;
			target = CF9A9E102893D8D20045244B /* downloadPdf */;
			targetProxy = CF9A9E282893D8D60045244B /* PBXContainerItemProxy */;
		};
		CF9A9E332893D8D60045244B /* PBXTargetDependency */ = {
			isa = PBXTargetDependency;
			target = CF9A9E102893D8D20045244B /* downloadPdf */;
			targetProxy = CF9A9E322893D8D60045244B /* PBXContainerItemProxy */;
		};
/* End PBXTargetDependency section */

/* Begin PBXVariantGroup section */
		CF9A9E1A2893D8D20045244B /* Main.storyboard */ = {
			isa = PBXVariantGroup;
			children = (
				CF9A9E1B2893D8D20045244B /* Base */,
			);
			name = Main.storyboard;
			sourceTree = "<group>";
		};
		CF9A9E1F2893D8D60045244B /* LaunchScreen.storyboard */ = {
			isa = PBXVariantGroup;
			children = (
				CF9A9E202893D8D60045244B /* Base */,
			);
			name = LaunchScreen.storyboard;
			sourceTree = "<group>";
		};
/* End PBXVariantGroup section */

/* Begin XCBuildConfiguration section */
		CF9A9E392893D8D60045244B /* Debug */ = {
			isa = XCBuildConfiguration;
			buildSettings = {
				ALWAYS_SEARCH_USER_PATHS = NO;
				CLANG_ANALYZER_NONNULL = YES;
				CLANG_ANALYZER_NUMBER_OBJECT_CONVERSION = YES_AGGRESSIVE;
				CLANG_CXX_LANGUAGE_STANDARD = "gnu++17";
				CLANG_ENABLE_MODULES = YES;
				CLANG_ENABLE_OBJC_ARC = YES;
				CLANG_ENABLE_OBJC_WEAK = YES;
				CLANG_WARN_BLOCK_CAPTURE_AUTORELEASING = YES;
				CLANG_WARN_BOOL_CONVERSION = YES;
				CLANG_WARN_COMMA = YES;
				CLANG_WARN_CONSTANT_CONVERSION = YES;
				CLANG_WARN_DEPRECATED_OBJC_IMPLEMENTATIONS = YES;
				CLANG_WARN_DIRECT_OBJC_ISA_USAGE = YES_ERROR;
				CLANG_WARN_DOCUMENTATION_COMMENTS = YES;
				CLANG_WARN_EMPTY_BODY = YES;
				CLANG_WARN_ENUM_CONVERSION = YES;
				CLANG_WARN_INFINITE_RECURSION = YES;
				CLANG_WARN_INT_CONVERSION = YES;
				CLANG_WARN_NON_LITERAL_NULL_CONVERSION = YES;
				CLANG_WARN_OBJC_IMPLICIT_RETAIN_SELF = YES;
				CLANG_WARN_OBJC_LITERAL_CONVERSION = YES;
				CLANG_WARN_OBJC_ROOT_CLASS = YES_ERROR;
				CLANG_WARN_QUOTED_INCLUDE_IN_FRAMEWORK_HEADER = YES;
				CLANG_WARN_RANGE_LOOP_ANALYSIS = YES;
				CLANG_WARN_STRICT_PROTOTYPES = YES;
				CLANG_WARN_SUSPICIOUS_MOVE = YES;
				CLANG_WARN_UNGUARDED_AVAILABILITY = YES_AGGRESSIVE;
				CLANG_WARN_UNREACHABLE_CODE = YES;
				CLANG_WARN__DUPLICATE_METHOD_MATCH = YES;
				COPY_PHASE_STRIP = NO;
				DEBUG_INFORMATION_FORMAT = dwarf;
				ENABLE_STRICT_OBJC_MSGSEND = YES;
				ENABLE_TESTABILITY = YES;
				GCC_C_LANGUAGE_STANDARD = gnu11;
				GCC_DYNAMIC_NO_PIC = NO;
				GCC_NO_COMMON_BLOCKS = YES;
				GCC_OPTIMIZATION_LEVEL = 0;
				GCC_PREPROCESSOR_DEFINITIONS = (
					"DEBUG=1",
					"$(inherited)",
				);
				GCC_WARN_64_TO_32_BIT_CONVERSION = YES;
				GCC_WARN_ABOUT_RETURN_TYPE = YES_ERROR;
				GCC_WARN_UNDECLARED_SELECTOR = YES;
				GCC_WARN_UNINITIALIZED_AUTOS = YES_AGGRESSIVE;
				GCC_WARN_UNUSED_FUNCTION = YES;
				GCC_WARN_UNUSED_VARIABLE = YES;
				IPHONEOS_DEPLOYMENT_TARGET = 15.5;
				MTL_ENABLE_DEBUG_INFO = INCLUDE_SOURCE;
				MTL_FAST_MATH = YES;
				ONLY_ACTIVE_ARCH = YES;
				SDKROOT = iphoneos;
				SWIFT_ACTIVE_COMPILATION_CONDITIONS = DEBUG;
				SWIFT_OPTIMIZATION_LEVEL = "-Onone";
			};
			name = Debug;
		};
		CF9A9E3A2893D8D60045244B /* Release */ = {
			isa = XCBuildConfiguration;
			buildSettings = {
				ALWAYS_SEARCH_USER_PATHS = NO;
				CLANG_ANALYZER_NONNULL = YES;
				CLANG_ANALYZER_NUMBER_OBJECT_CONVERSION = YES_AGGRESSIVE;
				CLANG_CXX_LANGUAGE_STANDARD = "gnu++17";
				CLANG_ENABLE_MODULES = YES;
				CLANG_ENABLE_OBJC_ARC = YES;
				CLANG_ENABLE_OBJC_WEAK = YES;
				CLANG_WARN_BLOCK_CAPTURE_AUTORELEASING = YES;
				CLANG_WARN_BOOL_CONVERSION = YES;
				CLANG_WARN_COMMA = YES;
				CLANG_WARN_CONSTANT_CONVERSION = YES;
				CLANG_WARN_DEPRECATED_OBJC_IMPLEMENTATIONS = YES;
				CLANG_WARN_DIRECT_OBJC_ISA_USAGE = YES_ERROR;
				CLANG_WARN_DOCUMENTATION_COMMENTS = YES;
				CLANG_WARN_EMPTY_BODY = YES;
				CLANG_WARN_ENUM_CONVERSION = YES;
				CLANG_WARN_INFINITE_RECURSION = YES;
				CLANG_WARN_INT_CONVERSION = YES;
				CLANG_WARN_NON_LITERAL_NULL_CONVERSION = YES;
				CLANG_WARN_OBJC_IMPLICIT_RETAIN_SELF = YES;
				CLANG_WARN_OBJC_LITERAL_CONVERSION = YES;
				CLANG_WARN_OBJC_ROOT_CLASS = YES_ERROR;
				CLANG_WARN_QUOTED_INCLUDE_IN_FRAMEWORK_HEADER = YES;
				CLANG_WARN_RANGE_LOOP_ANALYSIS = YES;
				CLANG_WARN_STRICT_PROTOTYPES = YES;
				CLANG_WARN_SUSPICIOUS_MOVE = YES;
				CLANG_WARN_UNGUARDED_AVAILABILITY = YES_AGGRESSIVE;
				CLANG_WARN_UNREACHABLE_CODE = YES;
				CLANG_WARN__DUPLICATE_METHOD_MATCH = YES;
				COPY_PHASE_STRIP = NO;
				DEBUG_INFORMATION_FORMAT = "dwarf-with-dsym";
				ENABLE_NS_ASSERTIONS = NO;
				ENABLE_STRICT_OBJC_MSGSEND = YES;
				GCC_C_LANGUAGE_STANDARD = gnu11;
				GCC_NO_COMMON_BLOCKS = YES;
				GCC_WARN_64_TO_32_BIT_CONVERSION = YES;
				GCC_WARN_ABOUT_RETURN_TYPE = YES_ERROR;
				GCC_WARN_UNDECLARED_SELECTOR = YES;
				GCC_WARN_UNINITIALIZED_AUTOS = YES_AGGRESSIVE;
				GCC_WARN_UNUSED_FUNCTION = YES;
				GCC_WARN_UNUSED_VARIABLE = YES;
				IPHONEOS_DEPLOYMENT_TARGET = 15.5;
				MTL_ENABLE_DEBUG_INFO = NO;
				MTL_FAST_MATH = YES;
				SDKROOT = iphoneos;
				SWIFT_COMPILATION_MODE = wholemodule;
				SWIFT_OPTIMIZATION_LEVEL = "-O";
				VALIDATE_PRODUCT = YES;
			};
			name = Release;
		};
		CF9A9E3C2893D8D60045244B /* Debug */ = {
			isa = XCBuildConfiguration;
			buildSettings = {
				ASSETCATALOG_COMPILER_APPICON_NAME = AppIcon;
				ASSETCATALOG_COMPILER_GLOBAL_ACCENT_COLOR_NAME = AccentColor;
				CODE_SIGN_STYLE = Automatic;
				CURRENT_PROJECT_VERSION = 1;
				GENERATE_INFOPLIST_FILE = YES;
				INFOPLIST_FILE = downloadPdf/Info.plist;
				INFOPLIST_KEY_UIApplicationSupportsIndirectInputEvents = YES;
				INFOPLIST_KEY_UILaunchStoryboardName = LaunchScreen;
				INFOPLIST_KEY_UIMainStoryboardFile = Main;
				INFOPLIST_KEY_UISupportedInterfaceOrientations_iPad = "UIInterfaceOrientationPortrait UIInterfaceOrientationPortraitUpsideDown UIInterfaceOrientationLandscapeLeft UIInterfaceOrientationLandscapeRight";
				INFOPLIST_KEY_UISupportedInterfaceOrientations_iPhone = "UIInterfaceOrientationPortrait UIInterfaceOrientationLandscapeLeft UIInterfaceOrientationLandscapeRight";
				LD_RUNPATH_SEARCH_PATHS = (
					"$(inherited)",
					"@executable_path/Frameworks",
				);
				MARKETING_VERSION = 1.0;
				PRODUCT_BUNDLE_IDENTIFIER = com.downloadPdf.downloadPdf;
				PRODUCT_NAME = "$(TARGET_NAME)";
				SWIFT_EMIT_LOC_STRINGS = YES;
				SWIFT_VERSION = 5.0;
				TARGETED_DEVICE_FAMILY = "1,2";
			};
			name = Debug;
		};
		CF9A9E3D2893D8D60045244B /* Release */ = {
			isa = XCBuildConfiguration;
			buildSettings = {
				ASSETCATALOG_COMPILER_APPICON_NAME = AppIcon;
				ASSETCATALOG_COMPILER_GLOBAL_ACCENT_COLOR_NAME = AccentColor;
				CODE_SIGN_STYLE = Automatic;
				CURRENT_PROJECT_VERSION = 1;
				GENERATE_INFOPLIST_FILE = YES;
				INFOPLIST_FILE = downloadPdf/Info.plist;
				INFOPLIST_KEY_UIApplicationSupportsIndirectInputEvents = YES;
				INFOPLIST_KEY_UILaunchStoryboardName = LaunchScreen;
				INFOPLIST_KEY_UIMainStoryboardFile = Main;
				INFOPLIST_KEY_UISupportedInterfaceOrientations_iPad = "UIInterfaceOrientationPortrait UIInterfaceOrientationPortraitUpsideDown UIInterfaceOrientationLandscapeLeft UIInterfaceOrientationLandscapeRight";
				INFOPLIST_KEY_UISupportedInterfaceOrientations_iPhone = "UIInterfaceOrientationPortrait UIInterfaceOrientationLandscapeLeft UIInterfaceOrientationLandscapeRight";
				LD_RUNPATH_SEARCH_PATHS = (
					"$(inherited)",
					"@executable_path/Frameworks",
				);
				MARKETING_VERSION = 1.0;
				PRODUCT_BUNDLE_IDENTIFIER = com.downloadPdf.downloadPdf;
				PRODUCT_NAME = "$(TARGET_NAME)";
				SWIFT_EMIT_LOC_STRINGS = YES;
				SWIFT_VERSION = 5.0;
				TARGETED_DEVICE_FAMILY = "1,2";
			};
			name = Release;
		};
		CF9A9E3F2893D8D60045244B /* Debug */ = {
			isa = XCBuildConfiguration;
			buildSettings = {
				ALWAYS_EMBED_SWIFT_STANDARD_LIBRARIES = YES;
				BUNDLE_LOADER = "$(TEST_HOST)";
				CODE_SIGN_STYLE = Automatic;
				CURRENT_PROJECT_VERSION = 1;
				GENERATE_INFOPLIST_FILE = YES;
				IPHONEOS_DEPLOYMENT_TARGET = 15.5;
				MARKETING_VERSION = 1.0;
				PRODUCT_BUNDLE_IDENTIFIER = com.downloadPdf.downloadPdfTests;
				PRODUCT_NAME = "$(TARGET_NAME)";
				SWIFT_EMIT_LOC_STRINGS = NO;
				SWIFT_VERSION = 5.0;
				TARGETED_DEVICE_FAMILY = "1,2";
				TEST_HOST = "$(BUILT_PRODUCTS_DIR)/downloadPdf.app/downloadPdf";
			};
			name = Debug;
		};
		CF9A9E402893D8D60045244B /* Release */ = {
			isa = XCBuildConfiguration;
			buildSettings = {
				ALWAYS_EMBED_SWIFT_STANDARD_LIBRARIES = YES;
				BUNDLE_LOADER = "$(TEST_HOST)";
				CODE_SIGN_STYLE = Automatic;
				CURRENT_PROJECT_VERSION = 1;
				GENERATE_INFOPLIST_FILE = YES;
				IPHONEOS_DEPLOYMENT_TARGET = 15.5;
				MARKETING_VERSION = 1.0;
				PRODUCT_BUNDLE_IDENTIFIER = com.downloadPdf.downloadPdfTests;
				PRODUCT_NAME = "$(TARGET_NAME)";
				SWIFT_EMIT_LOC_STRINGS = NO;
				SWIFT_VERSION = 5.0;
				TARGETED_DEVICE_FAMILY = "1,2";
				TEST_HOST = "$(BUILT_PRODUCTS_DIR)/downloadPdf.app/downloadPdf";
			};
			name = Release;
		};
		CF9A9E422893D8D60045244B /* Debug */ = {
			isa = XCBuildConfiguration;
			buildSettings = {
				ALWAYS_EMBED_SWIFT_STANDARD_LIBRARIES = YES;
				CODE_SIGN_STYLE = Automatic;
				CURRENT_PROJECT_VERSION = 1;
				GENERATE_INFOPLIST_FILE = YES;
				MARKETING_VERSION = 1.0;
				PRODUCT_BUNDLE_IDENTIFIER = com.downloadPdf.downloadPdfUITests;
				PRODUCT_NAME = "$(TARGET_NAME)";
				SWIFT_EMIT_LOC_STRINGS = NO;
				SWIFT_VERSION = 5.0;
				TARGETED_DEVICE_FAMILY = "1,2";
				TEST_TARGET_NAME = downloadPdf;
			};
			name = Debug;
		};
		CF9A9E432893D8D60045244B /* Release */ = {
			isa = XCBuildConfiguration;
			buildSettings = {
				ALWAYS_EMBED_SWIFT_STANDARD_LIBRARIES = YES;
				CODE_SIGN_STYLE = Automatic;
				CURRENT_PROJECT_VERSION = 1;
				GENERATE_INFOPLIST_FILE = YES;
				MARKETING_VERSION = 1.0;
				PRODUCT_BUNDLE_IDENTIFIER = com.downloadPdf.downloadPdfUITests;
				PRODUCT_NAME = "$(TARGET_NAME)";
				SWIFT_EMIT_LOC_STRINGS = NO;
				SWIFT_VERSION = 5.0;
				TARGETED_DEVICE_FAMILY = "1,2";
				TEST_TARGET_NAME = downloadPdf;
			};
			name = Release;
		};
/* End XCBuildConfiguration section */

/* Begin XCConfigurationList section */
		CF9A9E0C2893D8D20045244B /* Build configuration list for PBXProject "downloadPdf" */ = {
			isa = XCConfigurationList;
			buildConfigurations = (
				CF9A9E392893D8D60045244B /* Debug */,
				CF9A9E3A2893D8D60045244B /* Release */,
			);
			defaultConfigurationIsVisible = 0;
			defaultConfigurationName = Release;
		};
		CF9A9E3B2893D8D60045244B /* Build configuration list for PBXNativeTarget "downloadPdf" */ = {
			isa = XCConfigurationList;
			buildConfigurations = (
				CF9A9E3C2893D8D60045244B /* Debug */,
				CF9A9E3D2893D8D60045244B /* Release */,
			);
			defaultConfigurationIsVisible = 0;
			defaultConfigurationName = Release;
		};
		CF9A9E3E2893D8D60045244B /* Build configuration list for PBXNativeTarget "downloadPdfTests" */ = {
			isa = XCConfigurationList;
			buildConfigurations = (
				CF9A9E3F2893D8D60045244B /* Debug */,
				CF9A9E402893D8D60045244B /* Release */,
			);
			defaultConfigurationIsVisible = 0;
			defaultConfigurationName = Release;
		};
		CF9A9E412893D8D60045244B /* Build configuration list for PBXNativeTarget "downloadPdfUITests" */ = {
			isa = XCConfigurationList;
			buildConfigurations = (
				CF9A9E422893D8D60045244B /* Debug */,
				CF9A9E432893D8D60045244B /* Release */,
			);
			defaultConfigurationIsVisible = 0;
			defaultConfigurationName = Release;
		};
/* End XCConfigurationList section */
	};
	rootObject = CF9A9E092893D8D20045244B /* Project object */;
}
